// !$*UTF8*$!
{
	archiveVersion = 1;
	classes = {
	};
	objectVersion = 55;
	objects = {

/* Begin PBXBuildFile section */
		7C6C28A5276B8B2300805CEA /* FavouritesViewController.swift in Sources */ = {isa = PBXBuildFile; fileRef = 7C6C28A4276B8B2300805CEA /* FavouritesViewController.swift */; };
		7C6FE2EC276F20E100C4B456 /* PlaceModel.swift in Sources */ = {isa = PBXBuildFile; fileRef = 7C6FE2EB276F20E100C4B456 /* PlaceModel.swift */; };
		7CC15AC1276B3FE6005AF0C3 /* AppDelegate.swift in Sources */ = {isa = PBXBuildFile; fileRef = 7CC15AC0276B3FE6005AF0C3 /* AppDelegate.swift */; };
		7CC15AC3276B3FE6005AF0C3 /* SceneDelegate.swift in Sources */ = {isa = PBXBuildFile; fileRef = 7CC15AC2276B3FE6005AF0C3 /* SceneDelegate.swift */; };
		7CC15AC5276B3FE6005AF0C3 /* MapViewController.swift in Sources */ = {isa = PBXBuildFile; fileRef = 7CC15AC4276B3FE6005AF0C3 /* MapViewController.swift */; };
		7CC15AC8276B3FE6005AF0C3 /* Main.storyboard in Resources */ = {isa = PBXBuildFile; fileRef = 7CC15AC6276B3FE6005AF0C3 /* Main.storyboard */; };
		7CC15ACB276B3FE6005AF0C3 /* NavigationMap_PP.xcdatamodeld in Sources */ = {isa = PBXBuildFile; fileRef = 7CC15AC9276B3FE6005AF0C3 /* NavigationMap_PP.xcdatamodeld */; };
		7CC15ACD276B3FE7005AF0C3 /* Assets.xcassets in Resources */ = {isa = PBXBuildFile; fileRef = 7CC15ACC276B3FE7005AF0C3 /* Assets.xcassets */; };
		7CC15AD0276B3FE7005AF0C3 /* LaunchScreen.storyboard in Resources */ = {isa = PBXBuildFile; fileRef = 7CC15ACE276B3FE7005AF0C3 /* LaunchScreen.storyboard */; };
/* End PBXBuildFile section */

/* Begin PBXFileReference section */
		7C6C28A4276B8B2300805CEA /* FavouritesViewController.swift */ = {isa = PBXFileReference; lastKnownFileType = sourcecode.swift; path = FavouritesViewController.swift; sourceTree = "<group>"; };
		7C6FE2EB276F20E100C4B456 /* PlaceModel.swift */ = {isa = PBXFileReference; lastKnownFileType = sourcecode.swift; path = PlaceModel.swift; sourceTree = "<group>"; };
		7CC15ABD276B3FE6005AF0C3 /* NavigationMap_PP.app */ = {isa = PBXFileReference; explicitFileType = wrapper.application; includeInIndex = 0; path = NavigationMap_PP.app; sourceTree = BUILT_PRODUCTS_DIR; };
		7CC15AC0276B3FE6005AF0C3 /* AppDelegate.swift */ = {isa = PBXFileReference; lastKnownFileType = sourcecode.swift; path = AppDelegate.swift; sourceTree = "<group>"; };
		7CC15AC2276B3FE6005AF0C3 /* SceneDelegate.swift */ = {isa = PBXFileReference; lastKnownFileType = sourcecode.swift; path = SceneDelegate.swift; sourceTree = "<group>"; };
		7CC15AC4276B3FE6005AF0C3 /* MapViewController.swift */ = {isa = PBXFileReference; lastKnownFileType = sourcecode.swift; path = MapViewController.swift; sourceTree = "<group>"; };
		7CC15AC7276B3FE6005AF0C3 /* Base */ = {isa = PBXFileReference; lastKnownFileType = file.storyboard; name = Base; path = Base.lproj/Main.storyboard; sourceTree = "<group>"; };
		7CC15ACA276B3FE6005AF0C3 /* NavigationMap_PP.xcdatamodel */ = {isa = PBXFileReference; lastKnownFileType = wrapper.xcdatamodel; path = NavigationMap_PP.xcdatamodel; sourceTree = "<group>"; };
		7CC15ACC276B3FE7005AF0C3 /* Assets.xcassets */ = {isa = PBXFileReference; lastKnownFileType = folder.assetcatalog; path = Assets.xcassets; sourceTree = "<group>"; };
		7CC15ACF276B3FE7005AF0C3 /* Base */ = {isa = PBXFileReference; lastKnownFileType = file.storyboard; name = Base; path = Base.lproj/LaunchScreen.storyboard; sourceTree = "<group>"; };
		7CC15AD1276B3FE7005AF0C3 /* Info.plist */ = {isa = PBXFileReference; lastKnownFileType = text.plist.xml; path = Info.plist; sourceTree = "<group>"; };
/* End PBXFileReference section */

/* Begin PBXFrameworksBuildPhase section */
		7CC15ABA276B3FE6005AF0C3 /* Frameworks */ = {
			isa = PBXFrameworksBuildPhase;
			buildActionMask = 2147483647;
			files = (
			);
			runOnlyForDeploymentPostprocessing = 0;
		};
/* End PBXFrameworksBuildPhase section */

/* Begin PBXGroup section */
		7C880300276CC90A0097AD97 /* ViewControllers */ = {
			isa = PBXGroup;
			children = (
				7CC15AC4276B3FE6005AF0C3 /* MapViewController.swift */,
				7C6C28A4276B8B2300805CEA /* FavouritesViewController.swift */,
			);
			path = ViewControllers;
			sourceTree = "<group>";
		};
		7C99EECE27773E35004BE7BE /* Model */ = {
			isa = PBXGroup;
			children = (
				7C6FE2EB276F20E100C4B456 /* PlaceModel.swift */,
			);
			path = Model;
			sourceTree = "<group>";
		};
		7CC15AB4276B3FE6005AF0C3 = {
			isa = PBXGroup;
			children = (
				7CC15ABF276B3FE6005AF0C3 /* NavigationMap_PP */,
				7CC15ABE276B3FE6005AF0C3 /* Products */,
			);
			sourceTree = "<group>";
		};
		7CC15ABE276B3FE6005AF0C3 /* Products */ = {
			isa = PBXGroup;
			children = (
				7CC15ABD276B3FE6005AF0C3 /* NavigationMap_PP.app */,
			);
			name = Products;
			sourceTree = "<group>";
		};
		7CC15ABF276B3FE6005AF0C3 /* NavigationMap_PP */ = {
			isa = PBXGroup;
			children = (
				7CC15AC0276B3FE6005AF0C3 /* AppDelegate.swift */,
				7CC15AC2276B3FE6005AF0C3 /* SceneDelegate.swift */,
				7C99EECE27773E35004BE7BE /* Model */,
				7C880300276CC90A0097AD97 /* ViewControllers */,
				7CC15AC6276B3FE6005AF0C3 /* Main.storyboard */,
				7CC15ACC276B3FE7005AF0C3 /* Assets.xcassets */,
				7CC15ACE276B3FE7005AF0C3 /* LaunchScreen.storyboard */,
				7CC15AD1276B3FE7005AF0C3 /* Info.plist */,
				7CC15AC9276B3FE6005AF0C3 /* NavigationMap_PP.xcdatamodeld */,
			);
			path = NavigationMap_PP;
			sourceTree = "<group>";
		};
/* End PBXGroup section */

/* Begin PBXNativeTarget section */
		7CC15ABC276B3FE6005AF0C3 /* NavigationMap_PP */ = {
			isa = PBXNativeTarget;
			buildConfigurationList = 7CC15AD4276B3FE7005AF0C3 /* Build configuration list for PBXNativeTarget "NavigationMap_PP" */;
			buildPhases = (
				7CC15AB9276B3FE6005AF0C3 /* Sources */,
				7CC15ABA276B3FE6005AF0C3 /* Frameworks */,
				7CC15ABB276B3FE6005AF0C3 /* Resources */,
			);
			buildRules = (
			);
			dependencies = (
			);
			name = NavigationMap_PP;
			productName = NavigationMap_PP;
			productReference = 7CC15ABD276B3FE6005AF0C3 /* NavigationMap_PP.app */;
			productType = "com.apple.product-type.application";
		};
/* End PBXNativeTarget section */

/* Begin PBXProject section */
		7CC15AB5276B3FE6005AF0C3 /* Project object */ = {
			isa = PBXProject;
			attributes = {
				BuildIndependentTargetsInParallel = 1;
				LastSwiftUpdateCheck = 1320;
				LastUpgradeCheck = 1320;
				TargetAttributes = {
					7CC15ABC276B3FE6005AF0C3 = {
						CreatedOnToolsVersion = 13.2;
					};
				};
			};
			buildConfigurationList = 7CC15AB8276B3FE6005AF0C3 /* Build configuration list for PBXProject "NavigationMap_PP" */;
			compatibilityVersion = "Xcode 13.0";
			developmentRegion = en;
			hasScannedForEncodings = 0;
			knownRegions = (
				en,
				Base,
			);
			mainGroup = 7CC15AB4276B3FE6005AF0C3;
			productRefGroup = 7CC15ABE276B3FE6005AF0C3 /* Products */;
			projectDirPath = "";
			projectRoot = "";
			targets = (
				7CC15ABC276B3FE6005AF0C3 /* NavigationMap_PP */,
			);
		};
/* End PBXProject section */

/* Begin PBXResourcesBuildPhase section */
		7CC15ABB276B3FE6005AF0C3 /* Resources */ = {
			isa = PBXResourcesBuildPhase;
			buildActionMask = 2147483647;
			files = (
				7CC15AD0276B3FE7005AF0C3 /* LaunchScreen.storyboard in Resources */,
				7CC15ACD276B3FE7005AF0C3 /* Assets.xcassets in Resources */,
				7CC15AC8276B3FE6005AF0C3 /* Main.storyboard in Resources */,
			);
			runOnlyForDeploymentPostprocessing = 0;
		};
/* End PBXResourcesBuildPhase section */

/* Begin PBXSourcesBuildPhase section */
		7CC15AB9276B3FE6005AF0C3 /* Sources */ = {
			isa = PBXSourcesBuildPhase;
			buildActionMask = 2147483647;
			files = (
				7C6C28A5276B8B2300805CEA /* FavouritesViewController.swift in Sources */,
				7CC15AC5276B3FE6005AF0C3 /* MapViewController.swift in Sources */,
				7CC15AC1276B3FE6005AF0C3 /* AppDelegate.swift in Sources */,
				7CC15ACB276B3FE6005AF0C3 /* NavigationMap_PP.xcdatamodeld in Sources */,
				7CC15AC3276B3FE6005AF0C3 /* SceneDelegate.swift in Sources */,
				7C6FE2EC276F20E100C4B456 /* PlaceModel.swift in Sources */,
			);
			runOnlyForDeploymentPostprocessing = 0;
		};
/* End PBXSourcesBuildPhase section */

/* Begin PBXVariantGroup section */
		7CC15AC6276B3FE6005AF0C3 /* Main.storyboard */ = {
			isa = PBXVariantGroup;
			children = (
				7CC15AC7276B3FE6005AF0C3 /* Base */,
			);
			name = Main.storyboard;
			sourceTree = "<group>";
		};
		7CC15ACE276B3FE7005AF0C3 /* LaunchScreen.storyboard */ = {
			isa = PBXVariantGroup;
			children = (
				7CC15ACF276B3FE7005AF0C3 /* Base */,
			);
			name = LaunchScreen.storyboard;
			sourceTree = "<group>";
		};
/* End PBXVariantGroup section */

/* Begin XCBuildConfiguration section */
		7CC15AD2276B3FE7005AF0C3 /* Debug */ = {
			isa = XCBuildConfiguration;
			buildSettings = {
				ALWAYS_SEARCH_USER_PATHS = NO;
				CLANG_ANALYZER_NONNULL = YES;
				CLANG_ANALYZER_NUMBER_OBJECT_CONVERSION = YES_AGGRESSIVE;
				CLANG_CXX_LANGUAGE_STANDARD = "gnu++17";
				CLANG_CXX_LIBRARY = "libc++";
				CLANG_ENABLE_MODULES = YES;
				CLANG_ENABLE_OBJC_ARC = YES;
				CLANG_ENABLE_OBJC_WEAK = YES;
				CLANG_WARN_BLOCK_CAPTURE_AUTORELEASING = YES;
				CLANG_WARN_BOOL_CONVERSION = YES;
				CLANG_WARN_COMMA = YES;
				CLANG_WARN_CONSTANT_CONVERSION = YES;
				CLANG_WARN_DEPRECATED_OBJC_IMPLEMENTATIONS = YES;
				CLANG_WARN_DIRECT_OBJC_ISA_USAGE = YES_ERROR;
				CLANG_WARN_DOCUMENTATION_COMMENTS = YES;
				CLANG_WARN_EMPTY_BODY = YES;
				CLANG_WARN_ENUM_CONVERSION = YES;
				CLANG_WARN_INFINITE_RECURSION = YES;
				CLANG_WARN_INT_CONVERSION = YES;
				CLANG_WARN_NON_LITERAL_NULL_CONVERSION = YES;
				CLANG_WARN_OBJC_IMPLICIT_RETAIN_SELF = YES;
				CLANG_WARN_OBJC_LITERAL_CONVERSION = YES;
				CLANG_WARN_OBJC_ROOT_CLASS = YES_ERROR;
				CLANG_WARN_QUOTED_INCLUDE_IN_FRAMEWORK_HEADER = YES;
				CLANG_WARN_RANGE_LOOP_ANALYSIS = YES;
				CLANG_WARN_STRICT_PROTOTYPES = YES;
				CLANG_WARN_SUSPICIOUS_MOVE = YES;
				CLANG_WARN_UNGUARDED_AVAILABILITY = YES_AGGRESSIVE;
				CLANG_WARN_UNREACHABLE_CODE = YES;
				CLANG_WARN__DUPLICATE_METHOD_MATCH = YES;
				COPY_PHASE_STRIP = NO;
				DEBUG_INFORMATION_FORMAT = dwarf;
				ENABLE_STRICT_OBJC_MSGSEND = YES;
				ENABLE_TESTABILITY = YES;
				GCC_C_LANGUAGE_STANDARD = gnu11;
				GCC_DYNAMIC_NO_PIC = NO;
				GCC_NO_COMMON_BLOCKS = YES;
				GCC_OPTIMIZATION_LEVEL = 0;
				GCC_PREPROCESSOR_DEFINITIONS = (
					"DEBUG=1",
					"$(inherited)",
				);
				GCC_WARN_64_TO_32_BIT_CONVERSION = YES;
				GCC_WARN_ABOUT_RETURN_TYPE = YES_ERROR;
				GCC_WARN_UNDECLARED_SELECTOR = YES;
				GCC_WARN_UNINITIALIZED_AUTOS = YES_AGGRESSIVE;
				GCC_WARN_UNUSED_FUNCTION = YES;
				GCC_WARN_UNUSED_VARIABLE = YES;
				IPHONEOS_DEPLOYMENT_TARGET = 15.2;
				MTL_ENABLE_DEBUG_INFO = INCLUDE_SOURCE;
				MTL_FAST_MATH = YES;
				ONLY_ACTIVE_ARCH = YES;
				SDKROOT = iphoneos;
				SWIFT_ACTIVE_COMPILATION_CONDITIONS = DEBUG;
				SWIFT_OPTIMIZATION_LEVEL = "-Onone";
			};
			name = Debug;
		};
		7CC15AD3276B3FE7005AF0C3 /* Release */ = {
			isa = XCBuildConfiguration;
			buildSettings = {
				ALWAYS_SEARCH_USER_PATHS = NO;
				CLANG_ANALYZER_NONNULL = YES;
				CLANG_ANALYZER_NUMBER_OBJECT_CONVERSION = YES_AGGRESSIVE;
				CLANG_CXX_LANGUAGE_STANDARD = "gnu++17";
				CLANG_CXX_LIBRARY = "libc++";
				CLANG_ENABLE_MODULES = YES;
				CLANG_ENABLE_OBJC_ARC = YES;
				CLANG_ENABLE_OBJC_WEAK = YES;
				CLANG_WARN_BLOCK_CAPTURE_AUTORELEASING = YES;
				CLANG_WARN_BOOL_CONVERSION = YES;
				CLANG_WARN_COMMA = YES;
				CLANG_WARN_CONSTANT_CONVERSION = YES;
				CLANG_WARN_DEPRECATED_OBJC_IMPLEMENTATIONS = YES;
				CLANG_WARN_DIRECT_OBJC_ISA_USAGE = YES_ERROR;
				CLANG_WARN_DOCUMENTATION_COMMENTS = YES;
				CLANG_WARN_EMPTY_BODY = YES;
				CLANG_WARN_ENUM_CONVERSION = YES;
				CLANG_WARN_INFINITE_RECURSION = YES;
				CLANG_WARN_INT_CONVERSION = YES;
				CLANG_WARN_NON_LITERAL_NULL_CONVERSION = YES;
				CLANG_WARN_OBJC_IMPLICIT_RETAIN_SELF = YES;
				CLANG_WARN_OBJC_LITERAL_CONVERSION = YES;
				CLANG_WARN_OBJC_ROOT_CLASS = YES_ERROR;
				CLANG_WARN_QUOTED_INCLUDE_IN_FRAMEWORK_HEADER = YES;
				CLANG_WARN_RANGE_LOOP_ANALYSIS = YES;
				CLANG_WARN_STRICT_PROTOTYPES = YES;
				CLANG_WARN_SUSPICIOUS_MOVE = YES;
				CLANG_WARN_UNGUARDED_AVAILABILITY = YES_AGGRESSIVE;
				CLANG_WARN_UNREACHABLE_CODE = YES;
				CLANG_WARN__DUPLICATE_METHOD_MATCH = YES;
				COPY_PHASE_STRIP = NO;
				DEBUG_INFORMATION_FORMAT = "dwarf-with-dsym";
				ENABLE_NS_ASSERTIONS = NO;
				ENABLE_STRICT_OBJC_MSGSEND = YES;
				GCC_C_LANGUAGE_STANDARD = gnu11;
				GCC_NO_COMMON_BLOCKS = YES;
				GCC_WARN_64_TO_32_BIT_CONVERSION = YES;
				GCC_WARN_ABOUT_RETURN_TYPE = YES_ERROR;
				GCC_WARN_UNDECLARED_SELECTOR = YES;
				GCC_WARN_UNINITIALIZED_AUTOS = YES_AGGRESSIVE;
				GCC_WARN_UNUSED_FUNCTION = YES;
				GCC_WARN_UNUSED_VARIABLE = YES;
				IPHONEOS_DEPLOYMENT_TARGET = 15.2;
				MTL_ENABLE_DEBUG_INFO = NO;
				MTL_FAST_MATH = YES;
				SDKROOT = iphoneos;
				SWIFT_COMPILATION_MODE = wholemodule;
				SWIFT_OPTIMIZATION_LEVEL = "-O";
				VALIDATE_PRODUCT = YES;
			};
			name = Release;
		};
		7CC15AD5276B3FE7005AF0C3 /* Debug */ = {
			isa = XCBuildConfiguration;
			buildSettings = {
				ASSETCATALOG_COMPILER_APPICON_NAME = AppIcon;
				ASSETCATALOG_COMPILER_GLOBAL_ACCENT_COLOR_NAME = AccentColor;
				CODE_SIGN_STYLE = Automatic;
				CURRENT_PROJECT_VERSION = 1;
				DEVELOPMENT_TEAM = 8526PH72VB;
				GENERATE_INFOPLIST_FILE = YES;
				INFOPLIST_FILE = NavigationMap_PP/Info.plist;
				INFOPLIST_KEY_UIApplicationSupportsIndirectInputEvents = YES;
				INFOPLIST_KEY_UILaunchStoryboardName = LaunchScreen;
				INFOPLIST_KEY_UIMainStoryboardFile = Main;
				INFOPLIST_KEY_UISupportedInterfaceOrientations_iPad = "UIInterfaceOrientationPortrait UIInterfaceOrientationPortraitUpsideDown UIInterfaceOrientationLandscapeLeft UIInterfaceOrientationLandscapeRight";
				INFOPLIST_KEY_UISupportedInterfaceOrientations_iPhone = "UIInterfaceOrientationPortrait UIInterfaceOrientationLandscapeLeft UIInterfaceOrientationLandscapeRight";
				LD_RUNPATH_SEARCH_PATHS = (
					"$(inherited)",
					"@executable_path/Frameworks",
				);
				MARKETING_VERSION = 1.0;
				PRODUCT_BUNDLE_IDENTIFIER = "NetworkingURLapp.NavigationMap-PP";
				PRODUCT_NAME = "$(TARGET_NAME)";
				SWIFT_EMIT_LOC_STRINGS = YES;
				SWIFT_VERSION = 5.0;
				TARGETED_DEVICE_FAMILY = "1,2";
			};
			name = Debug;
		};
		7CC15AD6276B3FE7005AF0C3 /* Release */ = {
			isa = XCBuildConfiguration;
			buildSettings = {
				ASSETCATALOG_COMPILER_APPICON_NAME = AppIcon;
				ASSETCATALOG_COMPILER_GLOBAL_ACCENT_COLOR_NAME = AccentColor;
				CODE_SIGN_STYLE = Automatic;
				CURRENT_PROJECT_VERSION = 1;
				DEVELOPMENT_TEAM = 8526PH72VB;
				GENERATE_INFOPLIST_FILE = YES;
				INFOPLIST_FILE = NavigationMap_PP/Info.plist;
				INFOPLIST_KEY_UIApplicationSupportsIndirectInputEvents = YES;
				INFOPLIST_KEY_UILaunchStoryboardName = LaunchScreen;
				INFOPLIST_KEY_UIMainStoryboardFile = Main;
				INFOPLIST_KEY_UISupportedInterfaceOrientations_iPad = "UIInterfaceOrientationPortrait UIInterfaceOrientationPortraitUpsideDown UIInterfaceOrientationLandscapeLeft UIInterfaceOrientationLandscapeRight";
				INFOPLIST_KEY_UISupportedInterfaceOrientations_iPhone = "UIInterfaceOrientationPortrait UIInterfaceOrientationLandscapeLeft UIInterfaceOrientationLandscapeRight";
				LD_RUNPATH_SEARCH_PATHS = (
					"$(inherited)",
					"@executable_path/Frameworks",
				);
				MARKETING_VERSION = 1.0;
				PRODUCT_BUNDLE_IDENTIFIER = "NetworkingURLapp.NavigationMap-PP";
				PRODUCT_NAME = "$(TARGET_NAME)";
				SWIFT_EMIT_LOC_STRINGS = YES;
				SWIFT_VERSION = 5.0;
				TARGETED_DEVICE_FAMILY = "1,2";
			};
			name = Release;
		};
/* End XCBuildConfiguration section */

/* Begin XCConfigurationList section */
		7CC15AB8276B3FE6005AF0C3 /* Build configuration list for PBXProject "NavigationMap_PP" */ = {
			isa = XCConfigurationList;
			buildConfigurations = (
				7CC15AD2276B3FE7005AF0C3 /* Debug */,
				7CC15AD3276B3FE7005AF0C3 /* Release */,
			);
			defaultConfigurationIsVisible = 0;
			defaultConfigurationName = Release;
		};
		7CC15AD4276B3FE7005AF0C3 /* Build configuration list for PBXNativeTarget "NavigationMap_PP" */ = {
			isa = XCConfigurationList;
			buildConfigurations = (
				7CC15AD5276B3FE7005AF0C3 /* Debug */,
				7CC15AD6276B3FE7005AF0C3 /* Release */,
			);
			defaultConfigurationIsVisible = 0;
			defaultConfigurationName = Release;
		};
/* End XCConfigurationList section */

/* Begin XCVersionGroup section */
		7CC15AC9276B3FE6005AF0C3 /* NavigationMap_PP.xcdatamodeld */ = {
			isa = XCVersionGroup;
			children = (
				7CC15ACA276B3FE6005AF0C3 /* NavigationMap_PP.xcdatamodel */,
			);
			currentVersion = 7CC15ACA276B3FE6005AF0C3 /* NavigationMap_PP.xcdatamodel */;
			path = NavigationMap_PP.xcdatamodeld;
			sourceTree = "<group>";
			versionGroupType = wrapper.xcdatamodel;
		};
/* End XCVersionGroup section */
	};
	rootObject = 7CC15AB5276B3FE6005AF0C3 /* Project object */;
}
